// !$*UTF8*$!
{
	archiveVersion = 1;
	classes = {
	};
	objectVersion = 46;
	objects = {

/* Begin PBXBuildFile section */
		212303771AF36B7B0023B344 /* libDpa-Httpdns-iOS.a in Frameworks */ = {isa = PBXBuildFile; fileRef = 2123036B1AF36B7B0023B344 /* libDpa-Httpdns-iOS.a */; };
		212303871AF370DB0023B344 /* HttpdnsService.m in Sources */ = {isa = PBXBuildFile; fileRef = 212303861AF370DB0023B344 /* HttpdnsService.m */; };
		2123038B1AF371570023B344 /* HttpdnsModel.m in Sources */ = {isa = PBXBuildFile; fileRef = 2123038A1AF371570023B344 /* HttpdnsModel.m */; };
		2123038E1AF372E90023B344 /* HttpdnsRequestScheduler.m in Sources */ = {isa = PBXBuildFile; fileRef = 2123038D1AF372E90023B344 /* HttpdnsRequestScheduler.m */; };
		212303911AF3732D0023B344 /* HttpdnsRequest.m in Sources */ = {isa = PBXBuildFile; fileRef = 212303901AF3732D0023B344 /* HttpdnsRequest.m */; };
		212303941AF378E50023B344 /* HttpdnsUtil.m in Sources */ = {isa = PBXBuildFile; fileRef = 212303931AF378E50023B344 /* HttpdnsUtil.m */; };
		21EF47911AF3DD400042D0AE /* HttpdnsLocalCache.m in Sources */ = {isa = PBXBuildFile; fileRef = 21EF47901AF3DD400042D0AE /* HttpdnsLocalCache.m */; };
		21EF47941AF485C90042D0AE /* HttpdnsConfig.m in Sources */ = {isa = PBXBuildFile; fileRef = 21EF47931AF485C90042D0AE /* HttpdnsConfig.m */; };
		21EF479C1AF4C0D90042D0AE /* main.m in Sources */ = {isa = PBXBuildFile; fileRef = 21EF479B1AF4C0D90042D0AE /* main.m */; };
		21EF47A11AF4C27B0042D0AE /* HttpdnsRequestTest.m in Sources */ = {isa = PBXBuildFile; fileRef = 21EF47A01AF4C27B0042D0AE /* HttpdnsRequestTest.m */; };
		21EF47A41AF4C46E0042D0AE /* HttpdnsLog.m in Sources */ = {isa = PBXBuildFile; fileRef = 21EF47A31AF4C46E0042D0AE /* HttpdnsLog.m */; };
/* End PBXBuildFile section */

/* Begin PBXContainerItemProxy section */
		212303781AF36B7B0023B344 /* PBXContainerItemProxy */ = {
			isa = PBXContainerItemProxy;
			containerPortal = 212303631AF36B7B0023B344 /* Project object */;
			proxyType = 1;
			remoteGlobalIDString = 2123036A1AF36B7B0023B344;
			remoteInfo = "Dpa-Httpdns-iOS";
		};
/* End PBXContainerItemProxy section */

/* Begin PBXCopyFilesBuildPhase section */
		212303691AF36B7B0023B344 /* CopyFiles */ = {
			isa = PBXCopyFilesBuildPhase;
			buildActionMask = 2147483647;
			dstPath = "include/$(PRODUCT_NAME)";
			dstSubfolderSpec = 16;
			files = (
			);
			runOnlyForDeploymentPostprocessing = 0;
		};
		21EF47971AF4C0D90042D0AE /* CopyFiles */ = {
			isa = PBXCopyFilesBuildPhase;
			buildActionMask = 2147483647;
			dstPath = /usr/share/man/man1/;
			dstSubfolderSpec = 0;
			files = (
			);
			runOnlyForDeploymentPostprocessing = 1;
		};
/* End PBXCopyFilesBuildPhase section */

/* Begin PBXFileReference section */
		2123036B1AF36B7B0023B344 /* libDpa-Httpdns-iOS.a */ = {isa = PBXFileReference; explicitFileType = archive.ar; includeInIndex = 0; path = "libDpa-Httpdns-iOS.a"; sourceTree = BUILT_PRODUCTS_DIR; };
		212303761AF36B7B0023B344 /* Dpa-Httpdns-iOSTests.xctest */ = {isa = PBXFileReference; explicitFileType = wrapper.cfbundle; includeInIndex = 0; path = "Dpa-Httpdns-iOSTests.xctest"; sourceTree = BUILT_PRODUCTS_DIR; };
		2123037C1AF36B7B0023B344 /* Info.plist */ = {isa = PBXFileReference; lastKnownFileType = text.plist.xml; path = Info.plist; sourceTree = "<group>"; };
		212303851AF370DB0023B344 /* HttpdnsService.h */ = {isa = PBXFileReference; fileEncoding = 4; lastKnownFileType = sourcecode.c.h; path = HttpdnsService.h; sourceTree = "<group>"; };
		212303861AF370DB0023B344 /* HttpdnsService.m */ = {isa = PBXFileReference; fileEncoding = 4; lastKnownFileType = sourcecode.c.objc; path = HttpdnsService.m; sourceTree = "<group>"; };
		212303891AF371570023B344 /* HttpdnsModel.h */ = {isa = PBXFileReference; fileEncoding = 4; lastKnownFileType = sourcecode.c.h; path = HttpdnsModel.h; sourceTree = "<group>"; };
		2123038A1AF371570023B344 /* HttpdnsModel.m */ = {isa = PBXFileReference; fileEncoding = 4; lastKnownFileType = sourcecode.c.objc; path = HttpdnsModel.m; sourceTree = "<group>"; };
		2123038C1AF372E90023B344 /* HttpdnsRequestScheduler.h */ = {isa = PBXFileReference; fileEncoding = 4; lastKnownFileType = sourcecode.c.h; path = HttpdnsRequestScheduler.h; sourceTree = "<group>"; };
		2123038D1AF372E90023B344 /* HttpdnsRequestScheduler.m */ = {isa = PBXFileReference; fileEncoding = 4; lastKnownFileType = sourcecode.c.objc; path = HttpdnsRequestScheduler.m; sourceTree = "<group>"; };
		2123038F1AF3732D0023B344 /* HttpdnsRequest.h */ = {isa = PBXFileReference; fileEncoding = 4; lastKnownFileType = sourcecode.c.h; path = HttpdnsRequest.h; sourceTree = "<group>"; };
		212303901AF3732D0023B344 /* HttpdnsRequest.m */ = {isa = PBXFileReference; fileEncoding = 4; lastKnownFileType = sourcecode.c.objc; path = HttpdnsRequest.m; sourceTree = "<group>"; };
		212303921AF378E50023B344 /* HttpdnsUtil.h */ = {isa = PBXFileReference; fileEncoding = 4; lastKnownFileType = sourcecode.c.h; path = HttpdnsUtil.h; sourceTree = "<group>"; };
		212303931AF378E50023B344 /* HttpdnsUtil.m */ = {isa = PBXFileReference; fileEncoding = 4; lastKnownFileType = sourcecode.c.objc; path = HttpdnsUtil.m; sourceTree = "<group>"; };
		21EF478F1AF3DD400042D0AE /* HttpdnsLocalCache.h */ = {isa = PBXFileReference; fileEncoding = 4; lastKnownFileType = sourcecode.c.h; path = HttpdnsLocalCache.h; sourceTree = "<group>"; };
		21EF47901AF3DD400042D0AE /* HttpdnsLocalCache.m */ = {isa = PBXFileReference; fileEncoding = 4; lastKnownFileType = sourcecode.c.objc; path = HttpdnsLocalCache.m; sourceTree = "<group>"; };
		21EF47921AF485C90042D0AE /* HttpdnsConfig.h */ = {isa = PBXFileReference; fileEncoding = 4; lastKnownFileType = sourcecode.c.h; path = HttpdnsConfig.h; sourceTree = "<group>"; };
		21EF47931AF485C90042D0AE /* HttpdnsConfig.m */ = {isa = PBXFileReference; fileEncoding = 4; lastKnownFileType = sourcecode.c.objc; path = HttpdnsConfig.m; sourceTree = "<group>"; };
		21EF47991AF4C0D90042D0AE /* DevelopmentTestPlayAround */ = {isa = PBXFileReference; explicitFileType = "compiled.mach-o.executable"; includeInIndex = 0; path = DevelopmentTestPlayAround; sourceTree = BUILT_PRODUCTS_DIR; };
		21EF479B1AF4C0D90042D0AE /* main.m */ = {isa = PBXFileReference; lastKnownFileType = sourcecode.c.objc; path = main.m; sourceTree = "<group>"; };
		21EF47A01AF4C27B0042D0AE /* HttpdnsRequestTest.m */ = {isa = PBXFileReference; fileEncoding = 4; lastKnownFileType = sourcecode.c.objc; path = HttpdnsRequestTest.m; sourceTree = "<group>"; };
		21EF47A21AF4C46E0042D0AE /* HttpdnsLog.h */ = {isa = PBXFileReference; fileEncoding = 4; lastKnownFileType = sourcecode.c.h; path = HttpdnsLog.h; sourceTree = "<group>"; };
		21EF47A31AF4C46E0042D0AE /* HttpdnsLog.m */ = {isa = PBXFileReference; fileEncoding = 4; lastKnownFileType = sourcecode.c.objc; path = HttpdnsLog.m; sourceTree = "<group>"; };
/* End PBXFileReference section */

/* Begin PBXFrameworksBuildPhase section */
		212303681AF36B7B0023B344 /* Frameworks */ = {
			isa = PBXFrameworksBuildPhase;
			buildActionMask = 2147483647;
			files = (
			);
			runOnlyForDeploymentPostprocessing = 0;
		};
		212303731AF36B7B0023B344 /* Frameworks */ = {
			isa = PBXFrameworksBuildPhase;
			buildActionMask = 2147483647;
			files = (
				212303771AF36B7B0023B344 /* libDpa-Httpdns-iOS.a in Frameworks */,
			);
			runOnlyForDeploymentPostprocessing = 0;
		};
		21EF47961AF4C0D90042D0AE /* Frameworks */ = {
			isa = PBXFrameworksBuildPhase;
			buildActionMask = 2147483647;
			files = (
			);
			runOnlyForDeploymentPostprocessing = 0;
		};
/* End PBXFrameworksBuildPhase section */

/* Begin PBXGroup section */
		212303621AF36B7B0023B344 = {
			isa = PBXGroup;
			children = (
				2123036D1AF36B7B0023B344 /* Dpa-Httpdns-iOS */,
				2123037A1AF36B7B0023B344 /* Dpa-Httpdns-iOSTests */,
				21EF479A1AF4C0D90042D0AE /* DevelopmentTestPlayAround */,
				2123036C1AF36B7B0023B344 /* Products */,
			);
			sourceTree = "<group>";
		};
		2123036C1AF36B7B0023B344 /* Products */ = {
			isa = PBXGroup;
			children = (
				2123036B1AF36B7B0023B344 /* libDpa-Httpdns-iOS.a */,
				212303761AF36B7B0023B344 /* Dpa-Httpdns-iOSTests.xctest */,
				21EF47991AF4C0D90042D0AE /* DevelopmentTestPlayAround */,
			);
			name = Products;
			sourceTree = "<group>";
		};
		2123036D1AF36B7B0023B344 /* Dpa-Httpdns-iOS */ = {
			isa = PBXGroup;
			children = (
				212303851AF370DB0023B344 /* HttpdnsService.h */,
				212303861AF370DB0023B344 /* HttpdnsService.m */,
				212303891AF371570023B344 /* HttpdnsModel.h */,
				2123038A1AF371570023B344 /* HttpdnsModel.m */,
				2123038C1AF372E90023B344 /* HttpdnsRequestScheduler.h */,
				2123038D1AF372E90023B344 /* HttpdnsRequestScheduler.m */,
				2123038F1AF3732D0023B344 /* HttpdnsRequest.h */,
				212303901AF3732D0023B344 /* HttpdnsRequest.m */,
				212303921AF378E50023B344 /* HttpdnsUtil.h */,
				212303931AF378E50023B344 /* HttpdnsUtil.m */,
				21EF478F1AF3DD400042D0AE /* HttpdnsLocalCache.h */,
				21EF47901AF3DD400042D0AE /* HttpdnsLocalCache.m */,
				21EF47921AF485C90042D0AE /* HttpdnsConfig.h */,
				21EF47931AF485C90042D0AE /* HttpdnsConfig.m */,
				21EF47A21AF4C46E0042D0AE /* HttpdnsLog.h */,
				21EF47A31AF4C46E0042D0AE /* HttpdnsLog.m */,
			);
			path = "Dpa-Httpdns-iOS";
			sourceTree = "<group>";
		};
		2123037A1AF36B7B0023B344 /* Dpa-Httpdns-iOSTests */ = {
			isa = PBXGroup;
			children = (
				2123037B1AF36B7B0023B344 /* Supporting Files */,
				21EF47A01AF4C27B0042D0AE /* HttpdnsRequestTest.m */,
			);
			path = "Dpa-Httpdns-iOSTests";
			sourceTree = "<group>";
		};
		2123037B1AF36B7B0023B344 /* Supporting Files */ = {
			isa = PBXGroup;
			children = (
				2123037C1AF36B7B0023B344 /* Info.plist */,
			);
			name = "Supporting Files";
			sourceTree = "<group>";
		};
		21EF479A1AF4C0D90042D0AE /* DevelopmentTestPlayAround */ = {
			isa = PBXGroup;
			children = (
				21EF479B1AF4C0D90042D0AE /* main.m */,
			);
			path = DevelopmentTestPlayAround;
			sourceTree = "<group>";
		};
/* End PBXGroup section */

/* Begin PBXNativeTarget section */
		2123036A1AF36B7B0023B344 /* Dpa-Httpdns-iOS */ = {
			isa = PBXNativeTarget;
			buildConfigurationList = 2123037F1AF36B7B0023B344 /* Build configuration list for PBXNativeTarget "Dpa-Httpdns-iOS" */;
			buildPhases = (
				212303671AF36B7B0023B344 /* Sources */,
				212303681AF36B7B0023B344 /* Frameworks */,
				212303691AF36B7B0023B344 /* CopyFiles */,
			);
			buildRules = (
			);
			dependencies = (
			);
			name = "Dpa-Httpdns-iOS";
			productName = "Dpa-Httpdns-iOS";
			productReference = 2123036B1AF36B7B0023B344 /* libDpa-Httpdns-iOS.a */;
			productType = "com.apple.product-type.library.static";
		};
		212303751AF36B7B0023B344 /* Dpa-Httpdns-iOSTests */ = {
			isa = PBXNativeTarget;
			buildConfigurationList = 212303821AF36B7B0023B344 /* Build configuration list for PBXNativeTarget "Dpa-Httpdns-iOSTests" */;
			buildPhases = (
				212303721AF36B7B0023B344 /* Sources */,
				212303731AF36B7B0023B344 /* Frameworks */,
				212303741AF36B7B0023B344 /* Resources */,
			);
			buildRules = (
			);
			dependencies = (
				212303791AF36B7B0023B344 /* PBXTargetDependency */,
			);
			name = "Dpa-Httpdns-iOSTests";
			productName = "Dpa-Httpdns-iOSTests";
			productReference = 212303761AF36B7B0023B344 /* Dpa-Httpdns-iOSTests.xctest */;
			productType = "com.apple.product-type.bundle.unit-test";
		};
		21EF47981AF4C0D90042D0AE /* DevelopmentTestPlayAround */ = {
			isa = PBXNativeTarget;
			buildConfigurationList = 21EF479D1AF4C0D90042D0AE /* Build configuration list for PBXNativeTarget "DevelopmentTestPlayAround" */;
			buildPhases = (
				21EF47951AF4C0D90042D0AE /* Sources */,
				21EF47961AF4C0D90042D0AE /* Frameworks */,
				21EF47971AF4C0D90042D0AE /* CopyFiles */,
			);
			buildRules = (
			);
			dependencies = (
			);
			name = DevelopmentTestPlayAround;
			productName = DevelopmentTestPlayAround;
			productReference = 21EF47991AF4C0D90042D0AE /* DevelopmentTestPlayAround */;
			productType = "com.apple.product-type.tool";
		};
/* End PBXNativeTarget section */

/* Begin PBXProject section */
		212303631AF36B7B0023B344 /* Project object */ = {
			isa = PBXProject;
			attributes = {
				LastUpgradeCheck = 0630;
				ORGANIZATIONNAME = zhouzhuo;
				TargetAttributes = {
					2123036A1AF36B7B0023B344 = {
						CreatedOnToolsVersion = 6.3;
					};
					212303751AF36B7B0023B344 = {
						CreatedOnToolsVersion = 6.3;
					};
					21EF47981AF4C0D90042D0AE = {
						CreatedOnToolsVersion = 6.3;
					};
				};
			};
			buildConfigurationList = 212303661AF36B7B0023B344 /* Build configuration list for PBXProject "Dpa-Httpdns-iOS" */;
			compatibilityVersion = "Xcode 3.2";
			developmentRegion = English;
			hasScannedForEncodings = 0;
			knownRegions = (
				en,
			);
			mainGroup = 212303621AF36B7B0023B344;
			productRefGroup = 2123036C1AF36B7B0023B344 /* Products */;
			projectDirPath = "";
			projectRoot = "";
			targets = (
				2123036A1AF36B7B0023B344 /* Dpa-Httpdns-iOS */,
				212303751AF36B7B0023B344 /* Dpa-Httpdns-iOSTests */,
				21EF47981AF4C0D90042D0AE /* DevelopmentTestPlayAround */,
			);
		};
/* End PBXProject section */

/* Begin PBXResourcesBuildPhase section */
		212303741AF36B7B0023B344 /* Resources */ = {
			isa = PBXResourcesBuildPhase;
			buildActionMask = 2147483647;
			files = (
			);
			runOnlyForDeploymentPostprocessing = 0;
		};
/* End PBXResourcesBuildPhase section */

/* Begin PBXSourcesBuildPhase section */
		212303671AF36B7B0023B344 /* Sources */ = {
			isa = PBXSourcesBuildPhase;
			buildActionMask = 2147483647;
			files = (
				212303871AF370DB0023B344 /* HttpdnsService.m in Sources */,
				212303911AF3732D0023B344 /* HttpdnsRequest.m in Sources */,
				2123038B1AF371570023B344 /* HttpdnsModel.m in Sources */,
				212303941AF378E50023B344 /* HttpdnsUtil.m in Sources */,
				21EF47941AF485C90042D0AE /* HttpdnsConfig.m in Sources */,
				21EF47911AF3DD400042D0AE /* HttpdnsLocalCache.m in Sources */,
				21EF47A41AF4C46E0042D0AE /* HttpdnsLog.m in Sources */,
				2123038E1AF372E90023B344 /* HttpdnsRequestScheduler.m in Sources */,
			);
			runOnlyForDeploymentPostprocessing = 0;
		};
		212303721AF36B7B0023B344 /* Sources */ = {
			isa = PBXSourcesBuildPhase;
			buildActionMask = 2147483647;
			files = (
				21EF47A11AF4C27B0042D0AE /* HttpdnsRequestTest.m in Sources */,
			);
			runOnlyForDeploymentPostprocessing = 0;
		};
		21EF47951AF4C0D90042D0AE /* Sources */ = {
			isa = PBXSourcesBuildPhase;
			buildActionMask = 2147483647;
			files = (
				21EF479C1AF4C0D90042D0AE /* main.m in Sources */,
			);
			runOnlyForDeploymentPostprocessing = 0;
		};
/* End PBXSourcesBuildPhase section */

/* Begin PBXTargetDependency section */
		212303791AF36B7B0023B344 /* PBXTargetDependency */ = {
			isa = PBXTargetDependency;
			target = 2123036A1AF36B7B0023B344 /* Dpa-Httpdns-iOS */;
			targetProxy = 212303781AF36B7B0023B344 /* PBXContainerItemProxy */;
		};
/* End PBXTargetDependency section */

/* Begin XCBuildConfiguration section */
		2123037D1AF36B7B0023B344 /* Debug */ = {
			isa = XCBuildConfiguration;
			buildSettings = {
				ALWAYS_SEARCH_USER_PATHS = NO;
				CLANG_CXX_LANGUAGE_STANDARD = "gnu++0x";
				CLANG_CXX_LIBRARY = "libc++";
				CLANG_ENABLE_MODULES = YES;
				CLANG_ENABLE_OBJC_ARC = YES;
				CLANG_WARN_BOOL_CONVERSION = YES;
				CLANG_WARN_CONSTANT_CONVERSION = YES;
				CLANG_WARN_DIRECT_OBJC_ISA_USAGE = YES_ERROR;
				CLANG_WARN_EMPTY_BODY = YES;
				CLANG_WARN_ENUM_CONVERSION = YES;
				CLANG_WARN_INT_CONVERSION = YES;
				CLANG_WARN_OBJC_ROOT_CLASS = YES_ERROR;
				CLANG_WARN_UNREACHABLE_CODE = YES;
				CLANG_WARN__DUPLICATE_METHOD_MATCH = YES;
				COPY_PHASE_STRIP = NO;
				DEBUG_INFORMATION_FORMAT = "dwarf-with-dsym";
				ENABLE_STRICT_OBJC_MSGSEND = YES;
				GCC_C_LANGUAGE_STANDARD = gnu99;
				GCC_DYNAMIC_NO_PIC = NO;
				GCC_NO_COMMON_BLOCKS = YES;
				GCC_OPTIMIZATION_LEVEL = 0;
				GCC_PREPROCESSOR_DEFINITIONS = (
					"DEBUG=1",
					"$(inherited)",
				);
				GCC_SYMBOLS_PRIVATE_EXTERN = NO;
				GCC_WARN_64_TO_32_BIT_CONVERSION = YES;
				GCC_WARN_ABOUT_RETURN_TYPE = YES_ERROR;
				GCC_WARN_UNDECLARED_SELECTOR = YES;
				GCC_WARN_UNINITIALIZED_AUTOS = YES_AGGRESSIVE;
				GCC_WARN_UNUSED_FUNCTION = YES;
				GCC_WARN_UNUSED_VARIABLE = YES;
				IPHONEOS_DEPLOYMENT_TARGET = 8.3;
				MTL_ENABLE_DEBUG_INFO = YES;
				ONLY_ACTIVE_ARCH = YES;
				SDKROOT = iphoneos;
			};
			name = Debug;
		};
		2123037E1AF36B7B0023B344 /* Release */ = {
			isa = XCBuildConfiguration;
			buildSettings = {
				ALWAYS_SEARCH_USER_PATHS = NO;
				CLANG_CXX_LANGUAGE_STANDARD = "gnu++0x";
				CLANG_CXX_LIBRARY = "libc++";
				CLANG_ENABLE_MODULES = YES;
				CLANG_ENABLE_OBJC_ARC = YES;
				CLANG_WARN_BOOL_CONVERSION = YES;
				CLANG_WARN_CONSTANT_CONVERSION = YES;
				CLANG_WARN_DIRECT_OBJC_ISA_USAGE = YES_ERROR;
				CLANG_WARN_EMPTY_BODY = YES;
				CLANG_WARN_ENUM_CONVERSION = YES;
				CLANG_WARN_INT_CONVERSION = YES;
				CLANG_WARN_OBJC_ROOT_CLASS = YES_ERROR;
				CLANG_WARN_UNREACHABLE_CODE = YES;
				CLANG_WARN__DUPLICATE_METHOD_MATCH = YES;
				COPY_PHASE_STRIP = NO;
				DEBUG_INFORMATION_FORMAT = "dwarf-with-dsym";
				ENABLE_NS_ASSERTIONS = NO;
				ENABLE_STRICT_OBJC_MSGSEND = YES;
				GCC_C_LANGUAGE_STANDARD = gnu99;
				GCC_NO_COMMON_BLOCKS = YES;
				GCC_WARN_64_TO_32_BIT_CONVERSION = YES;
				GCC_WARN_ABOUT_RETURN_TYPE = YES_ERROR;
				GCC_WARN_UNDECLARED_SELECTOR = YES;
				GCC_WARN_UNINITIALIZED_AUTOS = YES_AGGRESSIVE;
				GCC_WARN_UNUSED_FUNCTION = YES;
				GCC_WARN_UNUSED_VARIABLE = YES;
				IPHONEOS_DEPLOYMENT_TARGET = 8.3;
				MTL_ENABLE_DEBUG_INFO = NO;
				SDKROOT = iphoneos;
				VALIDATE_PRODUCT = YES;
			};
			name = Release;
		};
		212303801AF36B7B0023B344 /* Debug */ = {
			isa = XCBuildConfiguration;
			buildSettings = {
				OTHER_LDFLAGS = "-ObjC";
				PRODUCT_NAME = "$(TARGET_NAME)";
				SKIP_INSTALL = YES;
			};
			name = Debug;
		};
		212303811AF36B7B0023B344 /* Release */ = {
			isa = XCBuildConfiguration;
			buildSettings = {
				OTHER_LDFLAGS = "-ObjC";
				PRODUCT_NAME = "$(TARGET_NAME)";
				SKIP_INSTALL = YES;
			};
			name = Release;
		};
		212303831AF36B7B0023B344 /* Debug */ = {
			isa = XCBuildConfiguration;
			buildSettings = {
				"CODE_SIGN_IDENTITY[sdk=iphoneos*]" = "iPhone Developer";
				FRAMEWORK_SEARCH_PATHS = (
					"$(SDKROOT)/Developer/Library/Frameworks",
					"$(inherited)",
				);
				GCC_PREPROCESSOR_DEFINITIONS = (
					"DEBUG=1",
					"$(inherited)",
				);
				INFOPLIST_FILE = "Dpa-Httpdns-iOSTests/Info.plist";
				LD_RUNPATH_SEARCH_PATHS = "$(inherited) @executable_path/Frameworks @loader_path/Frameworks";
				PRODUCT_NAME = "$(TARGET_NAME)";
			};
			name = Debug;
		};
		212303841AF36B7B0023B344 /* Release */ = {
			isa = XCBuildConfiguration;
			buildSettings = {
				"CODE_SIGN_IDENTITY[sdk=iphoneos*]" = "iPhone Developer";
				FRAMEWORK_SEARCH_PATHS = (
					"$(SDKROOT)/Developer/Library/Frameworks",
					"$(inherited)",
				);
				INFOPLIST_FILE = "Dpa-Httpdns-iOSTests/Info.plist";
				LD_RUNPATH_SEARCH_PATHS = "$(inherited) @executable_path/Frameworks @loader_path/Frameworks";
				PRODUCT_NAME = "$(TARGET_NAME)";
			};
			name = Release;
		};
		21EF479E1AF4C0D90042D0AE /* Debug */ = {
			isa = XCBuildConfiguration;
			buildSettings = {
				DEBUG_INFORMATION_FORMAT = dwarf;
				GCC_PREPROCESSOR_DEFINITIONS = (
					"DEBUG=1",
					"$(inherited)",
				);
				MACOSX_DEPLOYMENT_TARGET = 10.10;
				PRODUCT_NAME = "$(TARGET_NAME)";
				SDKROOT = macosx;
			};
			name = Debug;
		};
		21EF479F1AF4C0D90042D0AE /* Release */ = {
			isa = XCBuildConfiguration;
			buildSettings = {
				MACOSX_DEPLOYMENT_TARGET = 10.10;
				PRODUCT_NAME = "$(TARGET_NAME)";
				SDKROOT = macosx;
			};
			name = Release;
		};
/* End XCBuildConfiguration section */

/* Begin XCConfigurationList section */
		212303661AF36B7B0023B344 /* Build configuration list for PBXProject "Dpa-Httpdns-iOS" */ = {
			isa = XCConfigurationList;
			buildConfigurations = (
				2123037D1AF36B7B0023B344 /* Debug */,
				2123037E1AF36B7B0023B344 /* Release */,
			);
			defaultConfigurationIsVisible = 0;
			defaultConfigurationName = Release;
		};
		2123037F1AF36B7B0023B344 /* Build configuration list for PBXNativeTarget "Dpa-Httpdns-iOS" */ = {
			isa = XCConfigurationList;
			buildConfigurations = (
				212303801AF36B7B0023B344 /* Debug */,
				212303811AF36B7B0023B344 /* Release */,
			);
			defaultConfigurationIsVisible = 0;
			defaultConfigurationName = Release;
		};
		212303821AF36B7B0023B344 /* Build configuration list for PBXNativeTarget "Dpa-Httpdns-iOSTests" */ = {
			isa = XCConfigurationList;
			buildConfigurations = (
				212303831AF36B7B0023B344 /* Debug */,
				212303841AF36B7B0023B344 /* Release */,
			);
			defaultConfigurationIsVisible = 0;
			defaultConfigurationName = Release;
		};
		21EF479D1AF4C0D90042D0AE /* Build configuration list for PBXNativeTarget "DevelopmentTestPlayAround" */ = {
			isa = XCConfigurationList;
			buildConfigurations = (
				21EF479E1AF4C0D90042D0AE /* Debug */,
				21EF479F1AF4C0D90042D0AE /* Release */,
			);
			defaultConfigurationIsVisible = 0;
		};
/* End XCConfigurationList section */
	};
	rootObject = 212303631AF36B7B0023B344 /* Project object */;
}
